// !$*UTF8*$!
{
	archiveVersion = 1;
	classes = {
	};
	objectVersion = 56;
	objects = {

/* Begin PBXBuildFile section */
		0835066B71ACB6035A9289CB /* Pods_MonthlyBudget_MonthlyBudgetUITests.framework in Frameworks */ = {isa = PBXBuildFile; fileRef = 5707AE8A3A0124A0A5964D8F /* Pods_MonthlyBudget_MonthlyBudgetUITests.framework */; };
		27B9631B29B0C13B0027F023 /* MonthlyBudgetApp.swift in Sources */ = {isa = PBXBuildFile; fileRef = 27B9631A29B0C13B0027F023 /* MonthlyBudgetApp.swift */; };
		27B9631D29B0C13B0027F023 /* ContentView.swift in Sources */ = {isa = PBXBuildFile; fileRef = 27B9631C29B0C13B0027F023 /* ContentView.swift */; };
		27B9631F29B0C13D0027F023 /* Assets.xcassets in Resources */ = {isa = PBXBuildFile; fileRef = 27B9631E29B0C13D0027F023 /* Assets.xcassets */; };
		27B9632229B0C13D0027F023 /* Preview Assets.xcassets in Resources */ = {isa = PBXBuildFile; fileRef = 27B9632129B0C13D0027F023 /* Preview Assets.xcassets */; };
		27B9632429B0C13D0027F023 /* Persistence.swift in Sources */ = {isa = PBXBuildFile; fileRef = 27B9632329B0C13D0027F023 /* Persistence.swift */; };
		27B9632729B0C13D0027F023 /* MonthlyBudget.xcdatamodeld in Sources */ = {isa = PBXBuildFile; fileRef = 27B9632529B0C13D0027F023 /* MonthlyBudget.xcdatamodeld */; };
		27B9633229B0C13D0027F023 /* MonthlyBudgetTests.swift in Sources */ = {isa = PBXBuildFile; fileRef = 27B9633129B0C13D0027F023 /* MonthlyBudgetTests.swift */; };
		27B9633C29B0C13D0027F023 /* MonthlyBudgetUITests.swift in Sources */ = {isa = PBXBuildFile; fileRef = 27B9633B29B0C13D0027F023 /* MonthlyBudgetUITests.swift */; };
		27B9633E29B0C13D0027F023 /* MonthlyBudgetUITestsLaunchTests.swift in Sources */ = {isa = PBXBuildFile; fileRef = 27B9633D29B0C13D0027F023 /* MonthlyBudgetUITestsLaunchTests.swift */; };
		94DB2E05DC643471D8A84A08 /* Pods_MonthlyBudgetTests.framework in Frameworks */ = {isa = PBXBuildFile; fileRef = C5B0D22D33D5B4BDB23EBD6E /* Pods_MonthlyBudgetTests.framework */; };
		FA224F9810E5AC8E8F68EE49 /* Pods_MonthlyBudget.framework in Frameworks */ = {isa = PBXBuildFile; fileRef = 2AD5DBDA76CD1911D16559ED /* Pods_MonthlyBudget.framework */; };
/* End PBXBuildFile section */

/* Begin PBXContainerItemProxy section */
		27B9632E29B0C13D0027F023 /* PBXContainerItemProxy */ = {
			isa = PBXContainerItemProxy;
			containerPortal = 27B9630F29B0C13B0027F023 /* Project object */;
			proxyType = 1;
			remoteGlobalIDString = 27B9631629B0C13B0027F023;
			remoteInfo = MonthlyBudget;
		};
		27B9633829B0C13D0027F023 /* PBXContainerItemProxy */ = {
			isa = PBXContainerItemProxy;
			containerPortal = 27B9630F29B0C13B0027F023 /* Project object */;
			proxyType = 1;
			remoteGlobalIDString = 27B9631629B0C13B0027F023;
			remoteInfo = MonthlyBudget;
		};
/* End PBXContainerItemProxy section */

/* Begin PBXFileReference section */
		0B755D016E1624ECAC7A799C /* Pods-MonthlyBudget-MonthlyBudgetUITests.debug.xcconfig */ = {isa = PBXFileReference; includeInIndex = 1; lastKnownFileType = text.xcconfig; name = "Pods-MonthlyBudget-MonthlyBudgetUITests.debug.xcconfig"; path = "Target Support Files/Pods-MonthlyBudget-MonthlyBudgetUITests/Pods-MonthlyBudget-MonthlyBudgetUITests.debug.xcconfig"; sourceTree = "<group>"; };
		27B9631729B0C13B0027F023 /* MonthlyBudget.app */ = {isa = PBXFileReference; explicitFileType = wrapper.application; includeInIndex = 0; path = MonthlyBudget.app; sourceTree = BUILT_PRODUCTS_DIR; };
		27B9631A29B0C13B0027F023 /* MonthlyBudgetApp.swift */ = {isa = PBXFileReference; lastKnownFileType = sourcecode.swift; path = MonthlyBudgetApp.swift; sourceTree = "<group>"; };
		27B9631C29B0C13B0027F023 /* ContentView.swift */ = {isa = PBXFileReference; lastKnownFileType = sourcecode.swift; path = ContentView.swift; sourceTree = "<group>"; };
		27B9631E29B0C13D0027F023 /* Assets.xcassets */ = {isa = PBXFileReference; lastKnownFileType = folder.assetcatalog; path = Assets.xcassets; sourceTree = "<group>"; };
		27B9632129B0C13D0027F023 /* Preview Assets.xcassets */ = {isa = PBXFileReference; lastKnownFileType = folder.assetcatalog; path = "Preview Assets.xcassets"; sourceTree = "<group>"; };
		27B9632329B0C13D0027F023 /* Persistence.swift */ = {isa = PBXFileReference; lastKnownFileType = sourcecode.swift; path = Persistence.swift; sourceTree = "<group>"; };
		27B9632629B0C13D0027F023 /* MonthlyBudget.xcdatamodel */ = {isa = PBXFileReference; lastKnownFileType = wrapper.xcdatamodel; path = MonthlyBudget.xcdatamodel; sourceTree = "<group>"; };
		27B9632829B0C13D0027F023 /* Info.plist */ = {isa = PBXFileReference; lastKnownFileType = text.plist.xml; path = Info.plist; sourceTree = "<group>"; };
		27B9632D29B0C13D0027F023 /* MonthlyBudgetTests.xctest */ = {isa = PBXFileReference; explicitFileType = wrapper.cfbundle; includeInIndex = 0; path = MonthlyBudgetTests.xctest; sourceTree = BUILT_PRODUCTS_DIR; };
		27B9633129B0C13D0027F023 /* MonthlyBudgetTests.swift */ = {isa = PBXFileReference; lastKnownFileType = sourcecode.swift; path = MonthlyBudgetTests.swift; sourceTree = "<group>"; };
		27B9633729B0C13D0027F023 /* MonthlyBudgetUITests.xctest */ = {isa = PBXFileReference; explicitFileType = wrapper.cfbundle; includeInIndex = 0; path = MonthlyBudgetUITests.xctest; sourceTree = BUILT_PRODUCTS_DIR; };
		27B9633B29B0C13D0027F023 /* MonthlyBudgetUITests.swift */ = {isa = PBXFileReference; lastKnownFileType = sourcecode.swift; path = MonthlyBudgetUITests.swift; sourceTree = "<group>"; };
		27B9633D29B0C13D0027F023 /* MonthlyBudgetUITestsLaunchTests.swift */ = {isa = PBXFileReference; lastKnownFileType = sourcecode.swift; path = MonthlyBudgetUITestsLaunchTests.swift; sourceTree = "<group>"; };
		2AD5DBDA76CD1911D16559ED /* Pods_MonthlyBudget.framework */ = {isa = PBXFileReference; explicitFileType = wrapper.framework; includeInIndex = 0; path = Pods_MonthlyBudget.framework; sourceTree = BUILT_PRODUCTS_DIR; };
		2E72086DBB1097EA57F7FA8C /* Pods-MonthlyBudget.release.xcconfig */ = {isa = PBXFileReference; includeInIndex = 1; lastKnownFileType = text.xcconfig; name = "Pods-MonthlyBudget.release.xcconfig"; path = "Target Support Files/Pods-MonthlyBudget/Pods-MonthlyBudget.release.xcconfig"; sourceTree = "<group>"; };
		3F5A7BD2BB63E4DDA4FF3421 /* Pods-MonthlyBudgetTests.debug.xcconfig */ = {isa = PBXFileReference; includeInIndex = 1; lastKnownFileType = text.xcconfig; name = "Pods-MonthlyBudgetTests.debug.xcconfig"; path = "Target Support Files/Pods-MonthlyBudgetTests/Pods-MonthlyBudgetTests.debug.xcconfig"; sourceTree = "<group>"; };
		4B6CBC3FCD7C255733EBC391 /* Pods-MonthlyBudget.debug.xcconfig */ = {isa = PBXFileReference; includeInIndex = 1; lastKnownFileType = text.xcconfig; name = "Pods-MonthlyBudget.debug.xcconfig"; path = "Target Support Files/Pods-MonthlyBudget/Pods-MonthlyBudget.debug.xcconfig"; sourceTree = "<group>"; };
		5707AE8A3A0124A0A5964D8F /* Pods_MonthlyBudget_MonthlyBudgetUITests.framework */ = {isa = PBXFileReference; explicitFileType = wrapper.framework; includeInIndex = 0; path = Pods_MonthlyBudget_MonthlyBudgetUITests.framework; sourceTree = BUILT_PRODUCTS_DIR; };
		5FCA628F39C2290A1C888C23 /* Pods-MonthlyBudget-MonthlyBudgetUITests.release.xcconfig */ = {isa = PBXFileReference; includeInIndex = 1; lastKnownFileType = text.xcconfig; name = "Pods-MonthlyBudget-MonthlyBudgetUITests.release.xcconfig"; path = "Target Support Files/Pods-MonthlyBudget-MonthlyBudgetUITests/Pods-MonthlyBudget-MonthlyBudgetUITests.release.xcconfig"; sourceTree = "<group>"; };
		64AF13890A5756CE0821953D /* Pods-MonthlyBudgetTests.release.xcconfig */ = {isa = PBXFileReference; includeInIndex = 1; lastKnownFileType = text.xcconfig; name = "Pods-MonthlyBudgetTests.release.xcconfig"; path = "Target Support Files/Pods-MonthlyBudgetTests/Pods-MonthlyBudgetTests.release.xcconfig"; sourceTree = "<group>"; };
		C5B0D22D33D5B4BDB23EBD6E /* Pods_MonthlyBudgetTests.framework */ = {isa = PBXFileReference; explicitFileType = wrapper.framework; includeInIndex = 0; path = Pods_MonthlyBudgetTests.framework; sourceTree = BUILT_PRODUCTS_DIR; };
/* End PBXFileReference section */

/* Begin PBXFrameworksBuildPhase section */
		27B9631429B0C13B0027F023 /* Frameworks */ = {
			isa = PBXFrameworksBuildPhase;
			buildActionMask = 2147483647;
			files = (
				FA224F9810E5AC8E8F68EE49 /* Pods_MonthlyBudget.framework in Frameworks */,
			);
			runOnlyForDeploymentPostprocessing = 0;
		};
		27B9632A29B0C13D0027F023 /* Frameworks */ = {
			isa = PBXFrameworksBuildPhase;
			buildActionMask = 2147483647;
			files = (
				94DB2E05DC643471D8A84A08 /* Pods_MonthlyBudgetTests.framework in Frameworks */,
			);
			runOnlyForDeploymentPostprocessing = 0;
		};
		27B9633429B0C13D0027F023 /* Frameworks */ = {
			isa = PBXFrameworksBuildPhase;
			buildActionMask = 2147483647;
			files = (
				0835066B71ACB6035A9289CB /* Pods_MonthlyBudget_MonthlyBudgetUITests.framework in Frameworks */,
			);
			runOnlyForDeploymentPostprocessing = 0;
		};
/* End PBXFrameworksBuildPhase section */

/* Begin PBXGroup section */
		27B9630E29B0C13B0027F023 = {
			isa = PBXGroup;
			children = (
				27B9631929B0C13B0027F023 /* MonthlyBudget */,
				27B9633029B0C13D0027F023 /* MonthlyBudgetTests */,
				27B9633A29B0C13D0027F023 /* MonthlyBudgetUITests */,
				27B9631829B0C13B0027F023 /* Products */,
				9C71DEBB3EFCE0A015C28763 /* Pods */,
				355CFFDE63A34D33BF9893A9 /* Frameworks */,
			);
			sourceTree = "<group>";
		};
		27B9631829B0C13B0027F023 /* Products */ = {
			isa = PBXGroup;
			children = (
				27B9631729B0C13B0027F023 /* MonthlyBudget.app */,
				27B9632D29B0C13D0027F023 /* MonthlyBudgetTests.xctest */,
				27B9633729B0C13D0027F023 /* MonthlyBudgetUITests.xctest */,
			);
			name = Products;
			sourceTree = "<group>";
		};
		27B9631929B0C13B0027F023 /* MonthlyBudget */ = {
			isa = PBXGroup;
			children = (
				27B9631A29B0C13B0027F023 /* MonthlyBudgetApp.swift */,
				27B9631C29B0C13B0027F023 /* ContentView.swift */,
				27B9631E29B0C13D0027F023 /* Assets.xcassets */,
				27B9632329B0C13D0027F023 /* Persistence.swift */,
				27B9632829B0C13D0027F023 /* Info.plist */,
				27B9632529B0C13D0027F023 /* MonthlyBudget.xcdatamodeld */,
				27B9632029B0C13D0027F023 /* Preview Content */,
			);
			path = MonthlyBudget;
			sourceTree = "<group>";
		};
		27B9632029B0C13D0027F023 /* Preview Content */ = {
			isa = PBXGroup;
			children = (
				27B9632129B0C13D0027F023 /* Preview Assets.xcassets */,
			);
			path = "Preview Content";
			sourceTree = "<group>";
		};
		27B9633029B0C13D0027F023 /* MonthlyBudgetTests */ = {
			isa = PBXGroup;
			children = (
				27B9633129B0C13D0027F023 /* MonthlyBudgetTests.swift */,
			);
			path = MonthlyBudgetTests;
			sourceTree = "<group>";
		};
		27B9633A29B0C13D0027F023 /* MonthlyBudgetUITests */ = {
			isa = PBXGroup;
			children = (
				27B9633B29B0C13D0027F023 /* MonthlyBudgetUITests.swift */,
				27B9633D29B0C13D0027F023 /* MonthlyBudgetUITestsLaunchTests.swift */,
			);
			path = MonthlyBudgetUITests;
			sourceTree = "<group>";
		};
		355CFFDE63A34D33BF9893A9 /* Frameworks */ = {
			isa = PBXGroup;
			children = (
				2AD5DBDA76CD1911D16559ED /* Pods_MonthlyBudget.framework */,
				5707AE8A3A0124A0A5964D8F /* Pods_MonthlyBudget_MonthlyBudgetUITests.framework */,
				C5B0D22D33D5B4BDB23EBD6E /* Pods_MonthlyBudgetTests.framework */,
			);
			name = Frameworks;
			sourceTree = "<group>";
		};
		9C71DEBB3EFCE0A015C28763 /* Pods */ = {
			isa = PBXGroup;
			children = (
				4B6CBC3FCD7C255733EBC391 /* Pods-MonthlyBudget.debug.xcconfig */,
				2E72086DBB1097EA57F7FA8C /* Pods-MonthlyBudget.release.xcconfig */,
				0B755D016E1624ECAC7A799C /* Pods-MonthlyBudget-MonthlyBudgetUITests.debug.xcconfig */,
				5FCA628F39C2290A1C888C23 /* Pods-MonthlyBudget-MonthlyBudgetUITests.release.xcconfig */,
				3F5A7BD2BB63E4DDA4FF3421 /* Pods-MonthlyBudgetTests.debug.xcconfig */,
				64AF13890A5756CE0821953D /* Pods-MonthlyBudgetTests.release.xcconfig */,
			);
			name = Pods;
			path = Pods;
			sourceTree = "<group>";
		};
/* End PBXGroup section */

/* Begin PBXNativeTarget section */
		27B9631629B0C13B0027F023 /* MonthlyBudget */ = {
			isa = PBXNativeTarget;
			buildConfigurationList = 27B9634129B0C13D0027F023 /* Build configuration list for PBXNativeTarget "MonthlyBudget" */;
			buildPhases = (
				740BBD856BB8241408CDE647 /* [CP] Check Pods Manifest.lock */,
				27B9631329B0C13B0027F023 /* Sources */,
				27B9631429B0C13B0027F023 /* Frameworks */,
				27B9631529B0C13B0027F023 /* Resources */,
			);
			buildRules = (
			);
			dependencies = (
			);
			name = MonthlyBudget;
			productName = MonthlyBudget;
			productReference = 27B9631729B0C13B0027F023 /* MonthlyBudget.app */;
			productType = "com.apple.product-type.application";
		};
		27B9632C29B0C13D0027F023 /* MonthlyBudgetTests */ = {
			isa = PBXNativeTarget;
			buildConfigurationList = 27B9634429B0C13D0027F023 /* Build configuration list for PBXNativeTarget "MonthlyBudgetTests" */;
			buildPhases = (
				149AD185CABE3756132F0128 /* [CP] Check Pods Manifest.lock */,
				27B9632929B0C13D0027F023 /* Sources */,
				27B9632A29B0C13D0027F023 /* Frameworks */,
				27B9632B29B0C13D0027F023 /* Resources */,
			);
			buildRules = (
			);
			dependencies = (
				27B9632F29B0C13D0027F023 /* PBXTargetDependency */,
			);
			name = MonthlyBudgetTests;
			productName = MonthlyBudgetTests;
			productReference = 27B9632D29B0C13D0027F023 /* MonthlyBudgetTests.xctest */;
			productType = "com.apple.product-type.bundle.unit-test";
		};
		27B9633629B0C13D0027F023 /* MonthlyBudgetUITests */ = {
			isa = PBXNativeTarget;
			buildConfigurationList = 27B9634729B0C13D0027F023 /* Build configuration list for PBXNativeTarget "MonthlyBudgetUITests" */;
			buildPhases = (
				9D0B9E1EBB1AA0B52FB179AB /* [CP] Check Pods Manifest.lock */,
				27B9633329B0C13D0027F023 /* Sources */,
				27B9633429B0C13D0027F023 /* Frameworks */,
				27B9633529B0C13D0027F023 /* Resources */,
			);
			buildRules = (
			);
			dependencies = (
				27B9633929B0C13D0027F023 /* PBXTargetDependency */,
			);
			name = MonthlyBudgetUITests;
			productName = MonthlyBudgetUITests;
			productReference = 27B9633729B0C13D0027F023 /* MonthlyBudgetUITests.xctest */;
			productType = "com.apple.product-type.bundle.ui-testing";
		};
/* End PBXNativeTarget section */

/* Begin PBXProject section */
		27B9630F29B0C13B0027F023 /* Project object */ = {
			isa = PBXProject;
			attributes = {
				BuildIndependentTargetsInParallel = 1;
				LastSwiftUpdateCheck = 1420;
				LastUpgradeCheck = 1420;
				TargetAttributes = {
					27B9631629B0C13B0027F023 = {
						CreatedOnToolsVersion = 14.2;
					};
					27B9632C29B0C13D0027F023 = {
						CreatedOnToolsVersion = 14.2;
						TestTargetID = 27B9631629B0C13B0027F023;
					};
					27B9633629B0C13D0027F023 = {
						CreatedOnToolsVersion = 14.2;
						TestTargetID = 27B9631629B0C13B0027F023;
					};
				};
			};
			buildConfigurationList = 27B9631229B0C13B0027F023 /* Build configuration list for PBXProject "MonthlyBudget" */;
			compatibilityVersion = "Xcode 14.0";
			developmentRegion = en;
			hasScannedForEncodings = 0;
			knownRegions = (
				en,
				Base,
			);
			mainGroup = 27B9630E29B0C13B0027F023;
			productRefGroup = 27B9631829B0C13B0027F023 /* Products */;
			projectDirPath = "";
			projectRoot = "";
			targets = (
				27B9631629B0C13B0027F023 /* MonthlyBudget */,
				27B9632C29B0C13D0027F023 /* MonthlyBudgetTests */,
				27B9633629B0C13D0027F023 /* MonthlyBudgetUITests */,
			);
		};
/* End PBXProject section */

/* Begin PBXResourcesBuildPhase section */
		27B9631529B0C13B0027F023 /* Resources */ = {
			isa = PBXResourcesBuildPhase;
			buildActionMask = 2147483647;
			files = (
				27B9632229B0C13D0027F023 /* Preview Assets.xcassets in Resources */,
				27B9631F29B0C13D0027F023 /* Assets.xcassets in Resources */,
			);
			runOnlyForDeploymentPostprocessing = 0;
		};
		27B9632B29B0C13D0027F023 /* Resources */ = {
			isa = PBXResourcesBuildPhase;
			buildActionMask = 2147483647;
			files = (
			);
			runOnlyForDeploymentPostprocessing = 0;
		};
		27B9633529B0C13D0027F023 /* Resources */ = {
			isa = PBXResourcesBuildPhase;
			buildActionMask = 2147483647;
			files = (
			);
			runOnlyForDeploymentPostprocessing = 0;
		};
/* End PBXResourcesBuildPhase section */

/* Begin PBXShellScriptBuildPhase section */
		149AD185CABE3756132F0128 /* [CP] Check Pods Manifest.lock */ = {
			isa = PBXShellScriptBuildPhase;
			buildActionMask = 2147483647;
			files = (
			);
			inputFileListPaths = (
			);
			inputPaths = (
				"${PODS_PODFILE_DIR_PATH}/Podfile.lock",
				"${PODS_ROOT}/Manifest.lock",
			);
			name = "[CP] Check Pods Manifest.lock";
			outputFileListPaths = (
			);
			outputPaths = (
				"$(DERIVED_FILE_DIR)/Pods-MonthlyBudgetTests-checkManifestLockResult.txt",
			);
			runOnlyForDeploymentPostprocessing = 0;
			shellPath = /bin/sh;
			shellScript = "diff \"${PODS_PODFILE_DIR_PATH}/Podfile.lock\" \"${PODS_ROOT}/Manifest.lock\" > /dev/null\nif [ $? != 0 ] ; then\n    # print error to STDERR\n    echo \"error: The sandbox is not in sync with the Podfile.lock. Run 'pod install' or update your CocoaPods installation.\" >&2\n    exit 1\nfi\n# This output is used by Xcode 'outputs' to avoid re-running this script phase.\necho \"SUCCESS\" > \"${SCRIPT_OUTPUT_FILE_0}\"\n";
			showEnvVarsInLog = 0;
		};
		740BBD856BB8241408CDE647 /* [CP] Check Pods Manifest.lock */ = {
			isa = PBXShellScriptBuildPhase;
			buildActionMask = 2147483647;
			files = (
			);
			inputFileListPaths = (
			);
			inputPaths = (
				"${PODS_PODFILE_DIR_PATH}/Podfile.lock",
				"${PODS_ROOT}/Manifest.lock",
			);
			name = "[CP] Check Pods Manifest.lock";
			outputFileListPaths = (
			);
			outputPaths = (
				"$(DERIVED_FILE_DIR)/Pods-MonthlyBudget-checkManifestLockResult.txt",
			);
			runOnlyForDeploymentPostprocessing = 0;
			shellPath = /bin/sh;
			shellScript = "diff \"${PODS_PODFILE_DIR_PATH}/Podfile.lock\" \"${PODS_ROOT}/Manifest.lock\" > /dev/null\nif [ $? != 0 ] ; then\n    # print error to STDERR\n    echo \"error: The sandbox is not in sync with the Podfile.lock. Run 'pod install' or update your CocoaPods installation.\" >&2\n    exit 1\nfi\n# This output is used by Xcode 'outputs' to avoid re-running this script phase.\necho \"SUCCESS\" > \"${SCRIPT_OUTPUT_FILE_0}\"\n";
			showEnvVarsInLog = 0;
		};
		9D0B9E1EBB1AA0B52FB179AB /* [CP] Check Pods Manifest.lock */ = {
			isa = PBXShellScriptBuildPhase;
			buildActionMask = 2147483647;
			files = (
			);
			inputFileListPaths = (
			);
			inputPaths = (
				"${PODS_PODFILE_DIR_PATH}/Podfile.lock",
				"${PODS_ROOT}/Manifest.lock",
			);
			name = "[CP] Check Pods Manifest.lock";
			outputFileListPaths = (
			);
			outputPaths = (
				"$(DERIVED_FILE_DIR)/Pods-MonthlyBudget-MonthlyBudgetUITests-checkManifestLockResult.txt",
			);
			runOnlyForDeploymentPostprocessing = 0;
			shellPath = /bin/sh;
			shellScript = "diff \"${PODS_PODFILE_DIR_PATH}/Podfile.lock\" \"${PODS_ROOT}/Manifest.lock\" > /dev/null\nif [ $? != 0 ] ; then\n    # print error to STDERR\n    echo \"error: The sandbox is not in sync with the Podfile.lock. Run 'pod install' or update your CocoaPods installation.\" >&2\n    exit 1\nfi\n# This output is used by Xcode 'outputs' to avoid re-running this script phase.\necho \"SUCCESS\" > \"${SCRIPT_OUTPUT_FILE_0}\"\n";
			showEnvVarsInLog = 0;
		};
/* End PBXShellScriptBuildPhase section */

/* Begin PBXSourcesBuildPhase section */
		27B9631329B0C13B0027F023 /* Sources */ = {
			isa = PBXSourcesBuildPhase;
			buildActionMask = 2147483647;
			files = (
				27B9632729B0C13D0027F023 /* MonthlyBudget.xcdatamodeld in Sources */,
				27B9632429B0C13D0027F023 /* Persistence.swift in Sources */,
				27B9631D29B0C13B0027F023 /* ContentView.swift in Sources */,
				27B9631B29B0C13B0027F023 /* MonthlyBudgetApp.swift in Sources */,
			);
			runOnlyForDeploymentPostprocessing = 0;
		};
		27B9632929B0C13D0027F023 /* Sources */ = {
			isa = PBXSourcesBuildPhase;
			buildActionMask = 2147483647;
			files = (
				27B9633229B0C13D0027F023 /* MonthlyBudgetTests.swift in Sources */,
			);
			runOnlyForDeploymentPostprocessing = 0;
		};
		27B9633329B0C13D0027F023 /* Sources */ = {
			isa = PBXSourcesBuildPhase;
			buildActionMask = 2147483647;
			files = (
				27B9633C29B0C13D0027F023 /* MonthlyBudgetUITests.swift in Sources */,
				27B9633E29B0C13D0027F023 /* MonthlyBudgetUITestsLaunchTests.swift in Sources */,
			);
			runOnlyForDeploymentPostprocessing = 0;
		};
/* End PBXSourcesBuildPhase section */

/* Begin PBXTargetDependency section */
		27B9632F29B0C13D0027F023 /* PBXTargetDependency */ = {
			isa = PBXTargetDependency;
			target = 27B9631629B0C13B0027F023 /* MonthlyBudget */;
			targetProxy = 27B9632E29B0C13D0027F023 /* PBXContainerItemProxy */;
		};
		27B9633929B0C13D0027F023 /* PBXTargetDependency */ = {
			isa = PBXTargetDependency;
			target = 27B9631629B0C13B0027F023 /* MonthlyBudget */;
			targetProxy = 27B9633829B0C13D0027F023 /* PBXContainerItemProxy */;
		};
/* End PBXTargetDependency section */

/* Begin XCBuildConfiguration section */
		27B9633F29B0C13D0027F023 /* Debug */ = {
			isa = XCBuildConfiguration;
			buildSettings = {
				ALWAYS_SEARCH_USER_PATHS = NO;
				CLANG_ANALYZER_NONNULL = YES;
				CLANG_ANALYZER_NUMBER_OBJECT_CONVERSION = YES_AGGRESSIVE;
				CLANG_CXX_LANGUAGE_STANDARD = "gnu++20";
				CLANG_ENABLE_MODULES = YES;
				CLANG_ENABLE_OBJC_ARC = YES;
				CLANG_ENABLE_OBJC_WEAK = YES;
				CLANG_WARN_BLOCK_CAPTURE_AUTORELEASING = YES;
				CLANG_WARN_BOOL_CONVERSION = YES;
				CLANG_WARN_COMMA = YES;
				CLANG_WARN_CONSTANT_CONVERSION = YES;
				CLANG_WARN_DEPRECATED_OBJC_IMPLEMENTATIONS = YES;
				CLANG_WARN_DIRECT_OBJC_ISA_USAGE = YES_ERROR;
				CLANG_WARN_DOCUMENTATION_COMMENTS = YES;
				CLANG_WARN_EMPTY_BODY = YES;
				CLANG_WARN_ENUM_CONVERSION = YES;
				CLANG_WARN_INFINITE_RECURSION = YES;
				CLANG_WARN_INT_CONVERSION = YES;
				CLANG_WARN_NON_LITERAL_NULL_CONVERSION = YES;
				CLANG_WARN_OBJC_IMPLICIT_RETAIN_SELF = YES;
				CLANG_WARN_OBJC_LITERAL_CONVERSION = YES;
				CLANG_WARN_OBJC_ROOT_CLASS = YES_ERROR;
				CLANG_WARN_QUOTED_INCLUDE_IN_FRAMEWORK_HEADER = YES;
				CLANG_WARN_RANGE_LOOP_ANALYSIS = YES;
				CLANG_WARN_STRICT_PROTOTYPES = YES;
				CLANG_WARN_SUSPICIOUS_MOVE = YES;
				CLANG_WARN_UNGUARDED_AVAILABILITY = YES_AGGRESSIVE;
				CLANG_WARN_UNREACHABLE_CODE = YES;
				CLANG_WARN__DUPLICATE_METHOD_MATCH = YES;
				COPY_PHASE_STRIP = NO;
				DEBUG_INFORMATION_FORMAT = dwarf;
				ENABLE_STRICT_OBJC_MSGSEND = YES;
				ENABLE_TESTABILITY = YES;
				GCC_C_LANGUAGE_STANDARD = gnu11;
				GCC_DYNAMIC_NO_PIC = NO;
				GCC_NO_COMMON_BLOCKS = YES;
				GCC_OPTIMIZATION_LEVEL = 0;
				GCC_PREPROCESSOR_DEFINITIONS = (
					"DEBUG=1",
					"$(inherited)",
				);
				GCC_WARN_64_TO_32_BIT_CONVERSION = YES;
				GCC_WARN_ABOUT_RETURN_TYPE = YES_ERROR;
				GCC_WARN_UNDECLARED_SELECTOR = YES;
				GCC_WARN_UNINITIALIZED_AUTOS = YES_AGGRESSIVE;
				GCC_WARN_UNUSED_FUNCTION = YES;
				GCC_WARN_UNUSED_VARIABLE = YES;
				IPHONEOS_DEPLOYMENT_TARGET = 16.2;
				MTL_ENABLE_DEBUG_INFO = INCLUDE_SOURCE;
				MTL_FAST_MATH = YES;
				ONLY_ACTIVE_ARCH = YES;
				SDKROOT = iphoneos;
				SWIFT_ACTIVE_COMPILATION_CONDITIONS = DEBUG;
				SWIFT_OPTIMIZATION_LEVEL = "-Onone";
			};
			name = Debug;
		};
		27B9634029B0C13D0027F023 /* Release */ = {
			isa = XCBuildConfiguration;
			buildSettings = {
				ALWAYS_SEARCH_USER_PATHS = NO;
				CLANG_ANALYZER_NONNULL = YES;
				CLANG_ANALYZER_NUMBER_OBJECT_CONVERSION = YES_AGGRESSIVE;
				CLANG_CXX_LANGUAGE_STANDARD = "gnu++20";
				CLANG_ENABLE_MODULES = YES;
				CLANG_ENABLE_OBJC_ARC = YES;
				CLANG_ENABLE_OBJC_WEAK = YES;
				CLANG_WARN_BLOCK_CAPTURE_AUTORELEASING = YES;
				CLANG_WARN_BOOL_CONVERSION = YES;
				CLANG_WARN_COMMA = YES;
				CLANG_WARN_CONSTANT_CONVERSION = YES;
				CLANG_WARN_DEPRECATED_OBJC_IMPLEMENTATIONS = YES;
				CLANG_WARN_DIRECT_OBJC_ISA_USAGE = YES_ERROR;
				CLANG_WARN_DOCUMENTATION_COMMENTS = YES;
				CLANG_WARN_EMPTY_BODY = YES;
				CLANG_WARN_ENUM_CONVERSION = YES;
				CLANG_WARN_INFINITE_RECURSION = YES;
				CLANG_WARN_INT_CONVERSION = YES;
				CLANG_WARN_NON_LITERAL_NULL_CONVERSION = YES;
				CLANG_WARN_OBJC_IMPLICIT_RETAIN_SELF = YES;
				CLANG_WARN_OBJC_LITERAL_CONVERSION = YES;
				CLANG_WARN_OBJC_ROOT_CLASS = YES_ERROR;
				CLANG_WARN_QUOTED_INCLUDE_IN_FRAMEWORK_HEADER = YES;
				CLANG_WARN_RANGE_LOOP_ANALYSIS = YES;
				CLANG_WARN_STRICT_PROTOTYPES = YES;
				CLANG_WARN_SUSPICIOUS_MOVE = YES;
				CLANG_WARN_UNGUARDED_AVAILABILITY = YES_AGGRESSIVE;
				CLANG_WARN_UNREACHABLE_CODE = YES;
				CLANG_WARN__DUPLICATE_METHOD_MATCH = YES;
				COPY_PHASE_STRIP = NO;
				DEBUG_INFORMATION_FORMAT = "dwarf-with-dsym";
				ENABLE_NS_ASSERTIONS = NO;
				ENABLE_STRICT_OBJC_MSGSEND = YES;
				GCC_C_LANGUAGE_STANDARD = gnu11;
				GCC_NO_COMMON_BLOCKS = YES;
				GCC_WARN_64_TO_32_BIT_CONVERSION = YES;
				GCC_WARN_ABOUT_RETURN_TYPE = YES_ERROR;
				GCC_WARN_UNDECLARED_SELECTOR = YES;
				GCC_WARN_UNINITIALIZED_AUTOS = YES_AGGRESSIVE;
				GCC_WARN_UNUSED_FUNCTION = YES;
				GCC_WARN_UNUSED_VARIABLE = YES;
				IPHONEOS_DEPLOYMENT_TARGET = 16.2;
				MTL_ENABLE_DEBUG_INFO = NO;
				MTL_FAST_MATH = YES;
				SDKROOT = iphoneos;
				SWIFT_COMPILATION_MODE = wholemodule;
				SWIFT_OPTIMIZATION_LEVEL = "-O";
				VALIDATE_PRODUCT = YES;
			};
			name = Release;
		};
		27B9634229B0C13D0027F023 /* Debug */ = {
			isa = XCBuildConfiguration;
			baseConfigurationReference = 4B6CBC3FCD7C255733EBC391 /* Pods-MonthlyBudget.debug.xcconfig */;
			buildSettings = {
				ASSETCATALOG_COMPILER_APPICON_NAME = AppIcon;
				ASSETCATALOG_COMPILER_GLOBAL_ACCENT_COLOR_NAME = AccentColor;
				CODE_SIGN_STYLE = Automatic;
				CURRENT_PROJECT_VERSION = 1;
				DEVELOPMENT_ASSET_PATHS = "\"MonthlyBudget/Preview Content\"";
				DEVELOPMENT_TEAM = 3M2AE78SE2;
				ENABLE_PREVIEWS = YES;
				GENERATE_INFOPLIST_FILE = YES;
				INFOPLIST_KEY_UIApplicationSceneManifest_Generation = YES;
				INFOPLIST_KEY_UIApplicationSupportsIndirectInputEvents = YES;
				INFOPLIST_KEY_UILaunchScreen_Generation = YES;
				INFOPLIST_KEY_UISupportedInterfaceOrientations_iPad = "UIInterfaceOrientationPortrait UIInterfaceOrientationPortraitUpsideDown UIInterfaceOrientationLandscapeLeft UIInterfaceOrientationLandscapeRight";
				INFOPLIST_KEY_UISupportedInterfaceOrientations_iPhone = "UIInterfaceOrientationPortrait UIInterfaceOrientationLandscapeLeft UIInterfaceOrientationLandscapeRight";
				LD_RUNPATH_SEARCH_PATHS = (
					"$(inherited)",
					"@executable_path/Frameworks",
				);
				MARKETING_VERSION = 1.0;
				PRODUCT_BUNDLE_IDENTIFIER = com.purej.MonthlyBudget;
				PRODUCT_NAME = "$(TARGET_NAME)";
				SWIFT_EMIT_LOC_STRINGS = YES;
				SWIFT_VERSION = 5.0;
				TARGETED_DEVICE_FAMILY = "1,2";
			};
			name = Debug;
		};
		27B9634329B0C13D0027F023 /* Release */ = {
			isa = XCBuildConfiguration;
			baseConfigurationReference = 2E72086DBB1097EA57F7FA8C /* Pods-MonthlyBudget.release.xcconfig */;
			buildSettings = {
				ASSETCATALOG_COMPILER_APPICON_NAME = AppIcon;
				ASSETCATALOG_COMPILER_GLOBAL_ACCENT_COLOR_NAME = AccentColor;
				CODE_SIGN_STYLE = Automatic;
				CURRENT_PROJECT_VERSION = 1;
				DEVELOPMENT_ASSET_PATHS = "\"MonthlyBudget/Preview Content\"";
				DEVELOPMENT_TEAM = 3M2AE78SE2;
				ENABLE_PREVIEWS = YES;
				GENERATE_INFOPLIST_FILE = YES;
				INFOPLIST_KEY_UIApplicationSceneManifest_Generation = YES;
				INFOPLIST_KEY_UIApplicationSupportsIndirectInputEvents = YES;
				INFOPLIST_KEY_UILaunchScreen_Generation = YES;
				INFOPLIST_KEY_UISupportedInterfaceOrientations_iPad = "UIInterfaceOrientationPortrait UIInterfaceOrientationPortraitUpsideDown UIInterfaceOrientationLandscapeLeft UIInterfaceOrientationLandscapeRight";
				INFOPLIST_KEY_UISupportedInterfaceOrientations_iPhone = "UIInterfaceOrientationPortrait UIInterfaceOrientationLandscapeLeft UIInterfaceOrientationLandscapeRight";
				LD_RUNPATH_SEARCH_PATHS = (
					"$(inherited)",
					"@executable_path/Frameworks",
				);
				MARKETING_VERSION = 1.0;
				PRODUCT_BUNDLE_IDENTIFIER = com.purej.MonthlyBudget;
				PRODUCT_NAME = "$(TARGET_NAME)";
				SWIFT_EMIT_LOC_STRINGS = YES;
				SWIFT_VERSION = 5.0;
				TARGETED_DEVICE_FAMILY = "1,2";
			};
			name = Release;
		};
		27B9634529B0C13D0027F023 /* Debug */ = {
			isa = XCBuildConfiguration;
			baseConfigurationReference = 3F5A7BD2BB63E4DDA4FF3421 /* Pods-MonthlyBudgetTests.debug.xcconfig */;
			buildSettings = {
				ALWAYS_EMBED_SWIFT_STANDARD_LIBRARIES = YES;
				BUNDLE_LOADER = "$(TEST_HOST)";
				CODE_SIGN_STYLE = Automatic;
				CURRENT_PROJECT_VERSION = 1;
				DEVELOPMENT_TEAM = 3M2AE78SE2;
				GENERATE_INFOPLIST_FILE = YES;
				IPHONEOS_DEPLOYMENT_TARGET = 16.2;
				MARKETING_VERSION = 1.0;
				PRODUCT_BUNDLE_IDENTIFIER = com.purej.MonthlyBudgetTests;
				PRODUCT_NAME = "$(TARGET_NAME)";
				SWIFT_EMIT_LOC_STRINGS = NO;
				SWIFT_VERSION = 5.0;
				TARGETED_DEVICE_FAMILY = "1,2";
				TEST_HOST = "$(BUILT_PRODUCTS_DIR)/MonthlyBudget.app/$(BUNDLE_EXECUTABLE_FOLDER_PATH)/MonthlyBudget";
			};
			name = Debug;
		};
		27B9634629B0C13D0027F023 /* Release */ = {
			isa = XCBuildConfiguration;
			baseConfigurationReference = 64AF13890A5756CE0821953D /* Pods-MonthlyBudgetTests.release.xcconfig */;
			buildSettings = {
				ALWAYS_EMBED_SWIFT_STANDARD_LIBRARIES = YES;
				BUNDLE_LOADER = "$(TEST_HOST)";
				CODE_SIGN_STYLE = Automatic;
				CURRENT_PROJECT_VERSION = 1;
				DEVELOPMENT_TEAM = 3M2AE78SE2;
				GENERATE_INFOPLIST_FILE = YES;
				IPHONEOS_DEPLOYMENT_TARGET = 16.2;
				MARKETING_VERSION = 1.0;
				PRODUCT_BUNDLE_IDENTIFIER = com.purej.MonthlyBudgetTests;
				PRODUCT_NAME = "$(TARGET_NAME)";
				SWIFT_EMIT_LOC_STRINGS = NO;
				SWIFT_VERSION = 5.0;
				TARGETED_DEVICE_FAMILY = "1,2";
				TEST_HOST = "$(BUILT_PRODUCTS_DIR)/MonthlyBudget.app/$(BUNDLE_EXECUTABLE_FOLDER_PATH)/MonthlyBudget";
			};
			name = Release;
		};
		27B9634829B0C13D0027F023 /* Debug */ = {
			isa = XCBuildConfiguration;
			baseConfigurationReference = 0B755D016E1624ECAC7A799C /* Pods-MonthlyBudget-MonthlyBudgetUITests.debug.xcconfig */;
			buildSettings = {
				ALWAYS_EMBED_SWIFT_STANDARD_LIBRARIES = YES;
				CODE_SIGN_STYLE = Automatic;
				CURRENT_PROJECT_VERSION = 1;
				DEVELOPMENT_TEAM = 3M2AE78SE2;
				GENERATE_INFOPLIST_FILE = YES;
				MARKETING_VERSION = 1.0;
				PRODUCT_BUNDLE_IDENTIFIER = com.purej.MonthlyBudgetUITests;
				PRODUCT_NAME = "$(TARGET_NAME)";
				SWIFT_EMIT_LOC_STRINGS = NO;
				SWIFT_VERSION = 5.0;
				TARGETED_DEVICE_FAMILY = "1,2";
				TEST_TARGET_NAME = MonthlyBudget;
			};
			name = Debug;
		};
		27B9634929B0C13D0027F023 /* Release */ = {
			isa = XCBuildConfiguration;
			baseConfigurationReference = 5FCA628F39C2290A1C888C23 /* Pods-MonthlyBudget-MonthlyBudgetUITests.release.xcconfig */;
			buildSettings = {
				ALWAYS_EMBED_SWIFT_STANDARD_LIBRARIES = YES;
				CODE_SIGN_STYLE = Automatic;
				CURRENT_PROJECT_VERSION = 1;
				DEVELOPMENT_TEAM = 3M2AE78SE2;
				GENERATE_INFOPLIST_FILE = YES;
				MARKETING_VERSION = 1.0;
				PRODUCT_BUNDLE_IDENTIFIER = com.purej.MonthlyBudgetUITests;
				PRODUCT_NAME = "$(TARGET_NAME)";
				SWIFT_EMIT_LOC_STRINGS = NO;
				SWIFT_VERSION = 5.0;
				TARGETED_DEVICE_FAMILY = "1,2";
				TEST_TARGET_NAME = MonthlyBudget;
			};
			name = Release;
		};
/* End XCBuildConfiguration section */

/* Begin XCConfigurationList section */
		27B9631229B0C13B0027F023 /* Build configuration list for PBXProject "MonthlyBudget" */ = {
			isa = XCConfigurationList;
			buildConfigurations = (
				27B9633F29B0C13D0027F023 /* Debug */,
				27B9634029B0C13D0027F023 /* Release */,
			);
			defaultConfigurationIsVisible = 0;
			defaultConfigurationName = Release;
		};
		27B9634129B0C13D0027F023 /* Build configuration list for PBXNativeTarget "MonthlyBudget" */ = {
			isa = XCConfigurationList;
			buildConfigurations = (
				27B9634229B0C13D0027F023 /* Debug */,
				27B9634329B0C13D0027F023 /* Release */,
			);
			defaultConfigurationIsVisible = 0;
			defaultConfigurationName = Release;
		};
		27B9634429B0C13D0027F023 /* Build configuration list for PBXNativeTarget "MonthlyBudgetTests" */ = {
			isa = XCConfigurationList;
			buildConfigurations = (
				27B9634529B0C13D0027F023 /* Debug */,
				27B9634629B0C13D0027F023 /* Release */,
			);
			defaultConfigurationIsVisible = 0;
			defaultConfigurationName = Release;
		};
		27B9634729B0C13D0027F023 /* Build configuration list for PBXNativeTarget "MonthlyBudgetUITests" */ = {
			isa = XCConfigurationList;
			buildConfigurations = (
				27B9634829B0C13D0027F023 /* Debug */,
				27B9634929B0C13D0027F023 /* Release */,
			);
			defaultConfigurationIsVisible = 0;
			defaultConfigurationName = Release;
		};
/* End XCConfigurationList section */

/* Begin XCVersionGroup section */
		27B9632529B0C13D0027F023 /* MonthlyBudget.xcdatamodeld */ = {
			isa = XCVersionGroup;
			children = (
				27B9632629B0C13D0027F023 /* MonthlyBudget.xcdatamodel */,
			);
			currentVersion = 27B9632629B0C13D0027F023 /* MonthlyBudget.xcdatamodel */;
			path = MonthlyBudget.xcdatamodeld;
			sourceTree = "<group>";
			versionGroupType = wrapper.xcdatamodel;
		};
/* End XCVersionGroup section */
	};
	rootObject = 27B9630F29B0C13B0027F023 /* Project object */;
}
